# THIS IS AN AUTOGENERATED FILE. DO NOT EDIT THIS FILE DIRECTLY.
# yarn lockfile v1


"@types/js-yaml@*":
  "integrity" "sha512-FhpRzf927MNQdRZP0J5DLIdTXhjLYzeUTmLAu69mnVksLH9CJY3IuSeEgbKUki7GQZm0WqDkGzyxju2EZGD2wA=="
  "resolved" "https://registry.npmjs.org/@types/js-yaml/-/js-yaml-4.0.5.tgz"
  "version" "4.0.5"

"@types/node@*", "@types/node@^18.13.0":
  "integrity" "sha512-gC3TazRzGoOnoKAhUx+Q0t8S9Tzs74z7m0ipwGpSqQrleP14hKxP4/JUeEQcD3W1/aIpnWl8pHowI7WokuZpXg=="
  "resolved" "https://registry.npmjs.org/@types/node/-/node-18.13.0.tgz"
  "version" "18.13.0"

"@types/yaml-front-matter@^4.1.0":
  "integrity" "sha512-d4YGe2onl1T4VA6QhT4agdxaStOBe/ig9RAFAT1OltytvO2z9Ro69DiwHD2FUwewcjeD9PWEfUeZhw7E9hApcQ=="
  "resolved" "https://registry.npmjs.org/@types/yaml-front-matter/-/yaml-front-matter-4.1.0.tgz"
  "version" "4.1.0"
  dependencies:
    "@types/js-yaml" "*"
    "@types/node" "*"

"argparse@^1.0.7":
  "integrity" "sha512-o5Roy6tNG4SL/FOkCAN6RzjiakZS25RLYFrcMttJqbdd8BWrnA+fGz57iN5Pb06pvBGvl5gQ0B48dJlslXvoTg=="
  "resolved" "https://registry.npmjs.org/argparse/-/argparse-1.0.10.tgz"
  "version" "1.0.10"
  dependencies:
    "sprintf-js" "~1.0.2"

"commander@^6.2.0":
  "integrity" "sha512-U7VdrJFnJgo4xjrHpTzu0yrHPGImdsmD95ZlgYSEajAn2JKzDhDTPG9kBTefmObL2w/ngeZnilk+OV9CG3d7UA=="
  "resolved" "https://registry.npmjs.org/commander/-/commander-6.2.1.tgz"
  "version" "6.2.1"

"esprima@^4.0.0":
  "integrity" "sha512-eGuFFw7Upda+g4p+QHvnW0RyTX/SVeJBDM/gCtMARO0cLuT2HcEKnTPvhjV6aGeqrCB/sbNop0Kszm0jsaWU4A=="
  "resolved" "https://registry.npmjs.org/esprima/-/esprima-4.0.1.tgz"
  "version" "4.0.1"

"js-yaml@^3.14.1":
  "integrity" "sha512-okMH7OXXJ7YrN9Ok3/SXrnu4iX9yOk+25nqX4imS2npuvTYDmo/QEZoqwZkYaIDk3jVvBOTOIEgEhaLOynBS9g=="
  "resolved" "https://registry.npmjs.org/js-yaml/-/js-yaml-3.14.1.tgz"
  "version" "3.14.1"
  dependencies:
    "argparse" "^1.0.7"
    "esprima" "^4.0.0"

"sprintf-js@~1.0.2":
  "integrity" "sha512-D9cPgkvLlV3t3IzL0D0YLvGA9Ahk4PcvVwUbN0dSGr1aP0Nrt4AEnTUbuGvquEC0mA64Gqt1fzirlRs5ibXx8g=="
  "resolved" "https://registry.npmjs.org/sprintf-js/-/sprintf-js-1.0.3.tgz"
  "version" "1.0.3"

"yaml-front-matter@^4.1.1":
  "integrity" "sha512-ULGbghCLsN8Hs8vfExlqrJIe8Hl2TUjD7/zsIGMP8U+dgRXEsDXk4yydxeZJgdGiimP1XB7zhmhOB4/HyfqOyQ=="
  "resolved" "https://registry.npmjs.org/yaml-front-matter/-/yaml-front-matter-4.1.1.tgz"
  "version" "4.1.1"
  dependencies:
    "commander" "^6.2.0"
    "js-yaml" "^3.14.1"
